
Microsoft Visual Studio Solution File, Format Version 12.00
# Visual Studio 15
VisualStudioVersion = 15.0.34729.27
MinimumVisualStudioVersion = 10.0.40219.1
Project("{FAE04EC0-301F-11D3-BF4B-00C04F79EFBC}") = "FLAutomation", "FLAutomation\FLAutomation.csproj", "{C4D2E00D-57F2-49CB-A6F8-A028DFE4F67D}"
EndProject
Global
	GlobalSection(SolutionConfigurationPlatforms) = preSolution
		Debug|Any CPU = Debug|Any CPU
		Release|Any CPU = Release|Any CPU
	EndGlobalSection
	GlobalSection(ProjectConfigurationPlatforms) = postSolution
		{C4D2E00D-57F2-49CB-A6F8-A028DFE4F67D}.Debug|Any CPU.ActiveCfg = Debug|Any CPU
		{C4D2E00D-57F2-49CB-A6F8-A028DFE4F67D}.Debug|Any CPU.Build.0 = Debug|Any CPU
		{C4D2E00D-57F2-49CB-A6F8-A028DFE4F67D}.Release|Any CPU.ActiveCfg = Release|Any CPU
		{C4D2E00D-57F2-49CB-A6F8-A028DFE4F67D}.Release|Any CPU.Build.0 = Release|Any CPU
	EndGlobalSection
	GlobalSection(SolutionProperties) = preSolution
		HideSolutionNode = FALSE
	EndGlobalSection
	GlobalSection(ExtensibilityGlobals) = postSolution
		SolutionGuid = {11B252B5-2F8F-4E26-B8BC-9D06AC59C188}
	EndGlobalSection
EndGlobal
